{
  "version": "3",
  "packages": {
    "specifiers": {
      "npm:yaml": "npm:yaml@2.4.1"
    },
    "npm": {
      "yaml@2.4.1": {
        "integrity": "sha512-pIXzoImaqmfOrL7teGUBt/T7ZDnyeGBWyXQBvOVhLkWLN37GXv8NMLK406UY6dS51JfcQHsmcW5cJ441bHg6Lg==",
        "dependencies": {}
      }
    }
  },
  "remote": {
    "https://cdn.jsdelivr.net/npm/marked/lib/marked.esm.js": "157893addf96b140eeb71dfb48bbc35aa8f17f75cad9257bc9dee6558bb79061"
  }
}
